{
  "name": "hackhazard",
  "version": "1.0.0",
  "lockfileVersion": 3,
  "requires": true,
  "packages": {
    "": {
      "name": "hackhazard",
      "version": "1.0.0",
      "license": "ISC",
      "dependencies": {
        "monad": "^0.0.3"
      }
    },
    "node_modules/monad": {
      "version": "0.0.3",
      "resolved": "https://registry.npmjs.org/monad/-/monad-0.0.3.tgz",
      "integrity": "sha512-xdUUuQ+aWqvsD72j7jfSu+vmbVbb2eF7JGgPn8I4e6UV91mUxarvrzpfqk6vYQTRiMMQSTG0RrDDb6v/SXMa1A==",
      "engines": {
        "node": "*"
      }
    }
  }
}
